// !$*UTF8*$!
{
	archiveVersion = 1;
	classes = {
	};
	objectVersion = 56;
	objects = {

/* Begin PBXBuildFile section */
		811D1ED82B89559E00DC2A93 /* Africal_animalApp.swift in Sources */ = {isa = PBXBuildFile; fileRef = 811D1ED72B89559E00DC2A93 /* Africal_animalApp.swift */; };
		811D1EDA2B89559E00DC2A93 /* ContentView.swift in Sources */ = {isa = PBXBuildFile; fileRef = 811D1ED92B89559E00DC2A93 /* ContentView.swift */; };
		811D1EDC2B89559F00DC2A93 /* Assets.xcassets in Resources */ = {isa = PBXBuildFile; fileRef = 811D1EDB2B89559F00DC2A93 /* Assets.xcassets */; };
		811D1EDF2B89559F00DC2A93 /* Preview Assets.xcassets in Resources */ = {isa = PBXBuildFile; fileRef = 811D1EDE2B89559F00DC2A93 /* Preview Assets.xcassets */; };
		811D1EFA2B89567000DC2A93 /* cheetah.mp4 in Resources */ = {isa = PBXBuildFile; fileRef = 811D1EF02B89566F00DC2A93 /* cheetah.mp4 */; };
		811D1EFB2B89567000DC2A93 /* giraffe.mp4 in Resources */ = {isa = PBXBuildFile; fileRef = 811D1EF12B89566F00DC2A93 /* giraffe.mp4 */; };
		811D1EFC2B89567000DC2A93 /* elephant.mp4 in Resources */ = {isa = PBXBuildFile; fileRef = 811D1EF22B89566F00DC2A93 /* elephant.mp4 */; };
		811D1EFD2B89567000DC2A93 /* lioness.mp4 in Resources */ = {isa = PBXBuildFile; fileRef = 811D1EF32B89566F00DC2A93 /* lioness.mp4 */; };
		811D1EFE2B89567000DC2A93 /* rhino.mp4 in Resources */ = {isa = PBXBuildFile; fileRef = 811D1EF42B89566F00DC2A93 /* rhino.mp4 */; };
		811D1EFF2B89567000DC2A93 /* gorilla.mp4 in Resources */ = {isa = PBXBuildFile; fileRef = 811D1EF52B89566F00DC2A93 /* gorilla.mp4 */; };
		811D1F002B89567000DC2A93 /* hippo.mp4 in Resources */ = {isa = PBXBuildFile; fileRef = 811D1EF62B89566F00DC2A93 /* hippo.mp4 */; };
		811D1F012B89567000DC2A93 /* lion.mp4 in Resources */ = {isa = PBXBuildFile; fileRef = 811D1EF72B89566F00DC2A93 /* lion.mp4 */; };
		811D1F022B89567000DC2A93 /* ostrich.mp4 in Resources */ = {isa = PBXBuildFile; fileRef = 811D1EF82B89567000DC2A93 /* ostrich.mp4 */; };
		811D1F032B89567000DC2A93 /* zebra.mp4 in Resources */ = {isa = PBXBuildFile; fileRef = 811D1EF92B89567000DC2A93 /* zebra.mp4 */; };
		811D1F052B8956A000DC2A93 /* data in Resources */ = {isa = PBXBuildFile; fileRef = 811D1F042B8956A000DC2A93 /* data */; };
		811D1F0D2B8958A600DC2A93 /* VideoListView.swift in Sources */ = {isa = PBXBuildFile; fileRef = 811D1F0C2B8958A600DC2A93 /* VideoListView.swift */; };
		811D1F0F2B8958BA00DC2A93 /* MapView.swift in Sources */ = {isa = PBXBuildFile; fileRef = 811D1F0E2B8958BA00DC2A93 /* MapView.swift */; };
		811D1F112B8958C300DC2A93 /* GalleryView.swift in Sources */ = {isa = PBXBuildFile; fileRef = 811D1F102B8958C300DC2A93 /* GalleryView.swift */; };
		811D1F132B8958CD00DC2A93 /* MainView.swift in Sources */ = {isa = PBXBuildFile; fileRef = 811D1F122B8958CD00DC2A93 /* MainView.swift */; };
		811D1F1A2B89594B00DC2A93 /* covers.json in Resources */ = {isa = PBXBuildFile; fileRef = 811D1F162B89594B00DC2A93 /* covers.json */; };
		811D1F1B2B89594B00DC2A93 /* animals.json in Resources */ = {isa = PBXBuildFile; fileRef = 811D1F172B89594B00DC2A93 /* animals.json */; };
		811D1F1C2B89594B00DC2A93 /* videos.json in Resources */ = {isa = PBXBuildFile; fileRef = 811D1F182B89594B00DC2A93 /* videos.json */; };
		811D1F1D2B89594B00DC2A93 /* locations.json in Resources */ = {isa = PBXBuildFile; fileRef = 811D1F192B89594B00DC2A93 /* locations.json */; };
		811D1F222B8C094700DC2A93 /* CoverImageView.swift in Sources */ = {isa = PBXBuildFile; fileRef = 811D1F212B8C094700DC2A93 /* CoverImageView.swift */; };
		811D1F252B8C11A100DC2A93 /* CoverImageModel.swift in Sources */ = {isa = PBXBuildFile; fileRef = 811D1F242B8C11A100DC2A93 /* CoverImageModel.swift */; };
		811D1F282B8C124100DC2A93 /* CodeableBundleExtension.swift in Sources */ = {isa = PBXBuildFile; fileRef = 811D1F272B8C124100DC2A93 /* CodeableBundleExtension.swift */; };
		811D1F2A2B8C194E00DC2A93 /* ListItemView.swift in Sources */ = {isa = PBXBuildFile; fileRef = 811D1F292B8C194E00DC2A93 /* ListItemView.swift */; };
		811D1F2C2B8C268F00DC2A93 /* AnimalModel.swift in Sources */ = {isa = PBXBuildFile; fileRef = 811D1F2B2B8C268F00DC2A93 /* AnimalModel.swift */; };
		81CEBF982B8D7C0800AFA5F3 /* AnimalDetailView.swift in Sources */ = {isa = PBXBuildFile; fileRef = 81CEBF972B8D7C0800AFA5F3 /* AnimalDetailView.swift */; };
		81CEBF9A2B8FCB1B00AFA5F3 /* HeadingView.swift in Sources */ = {isa = PBXBuildFile; fileRef = 81CEBF992B8FCB1B00AFA5F3 /* HeadingView.swift */; };
		81CEBF9C2B8FCCDD00AFA5F3 /* InsetGalleryView.swift in Sources */ = {isa = PBXBuildFile; fileRef = 81CEBF9B2B8FCCDD00AFA5F3 /* InsetGalleryView.swift */; };
		81CEBF9E2B8FD20D00AFA5F3 /* InsetFactView.swift in Sources */ = {isa = PBXBuildFile; fileRef = 81CEBF9D2B8FD20D00AFA5F3 /* InsetFactView.swift */; };
		81CEBFA02B8FD49C00AFA5F3 /* InsetMapView.swift in Sources */ = {isa = PBXBuildFile; fileRef = 81CEBF9F2B8FD49C00AFA5F3 /* InsetMapView.swift */; };
		81CEBFA22B8FDB2900AFA5F3 /* ExternalWebView.swift in Sources */ = {isa = PBXBuildFile; fileRef = 81CEBFA12B8FDB2900AFA5F3 /* ExternalWebView.swift */; };
/* End PBXBuildFile section */

/* Begin PBXFileReference section */
		811D1ED42B89559E00DC2A93 /* Africal-animal.app */ = {isa = PBXFileReference; explicitFileType = wrapper.application; includeInIndex = 0; path = "Africal-animal.app"; sourceTree = BUILT_PRODUCTS_DIR; };
		811D1ED72B89559E00DC2A93 /* Africal_animalApp.swift */ = {isa = PBXFileReference; lastKnownFileType = sourcecode.swift; path = Africal_animalApp.swift; sourceTree = "<group>"; };
		811D1ED92B89559E00DC2A93 /* ContentView.swift */ = {isa = PBXFileReference; lastKnownFileType = sourcecode.swift; path = ContentView.swift; sourceTree = "<group>"; };
		811D1EDB2B89559F00DC2A93 /* Assets.xcassets */ = {isa = PBXFileReference; lastKnownFileType = folder.assetcatalog; path = Assets.xcassets; sourceTree = "<group>"; };
		811D1EDE2B89559F00DC2A93 /* Preview Assets.xcassets */ = {isa = PBXFileReference; lastKnownFileType = folder.assetcatalog; path = "Preview Assets.xcassets"; sourceTree = "<group>"; };
		811D1EF02B89566F00DC2A93 /* cheetah.mp4 */ = {isa = PBXFileReference; lastKnownFileType = file; name = cheetah.mp4; path = "../../../../Udemy Projects Resource/SWIFTUI-APP-AFRICA-UPDATED/Resources/video/cheetah.mp4"; sourceTree = "<group>"; };
		811D1EF12B89566F00DC2A93 /* giraffe.mp4 */ = {isa = PBXFileReference; lastKnownFileType = file; name = giraffe.mp4; path = "../../../../Udemy Projects Resource/SWIFTUI-APP-AFRICA-UPDATED/Resources/video/giraffe.mp4"; sourceTree = "<group>"; };
		811D1EF22B89566F00DC2A93 /* elephant.mp4 */ = {isa = PBXFileReference; lastKnownFileType = file; name = elephant.mp4; path = "../../../../Udemy Projects Resource/SWIFTUI-APP-AFRICA-UPDATED/Resources/video/elephant.mp4"; sourceTree = "<group>"; };
		811D1EF32B89566F00DC2A93 /* lioness.mp4 */ = {isa = PBXFileReference; lastKnownFileType = file; name = lioness.mp4; path = "../../../../Udemy Projects Resource/SWIFTUI-APP-AFRICA-UPDATED/Resources/video/lioness.mp4"; sourceTree = "<group>"; };
		811D1EF42B89566F00DC2A93 /* rhino.mp4 */ = {isa = PBXFileReference; lastKnownFileType = file; name = rhino.mp4; path = "../../../../Udemy Projects Resource/SWIFTUI-APP-AFRICA-UPDATED/Resources/video/rhino.mp4"; sourceTree = "<group>"; };
		811D1EF52B89566F00DC2A93 /* gorilla.mp4 */ = {isa = PBXFileReference; lastKnownFileType = file; name = gorilla.mp4; path = "../../../../Udemy Projects Resource/SWIFTUI-APP-AFRICA-UPDATED/Resources/video/gorilla.mp4"; sourceTree = "<group>"; };
		811D1EF62B89566F00DC2A93 /* hippo.mp4 */ = {isa = PBXFileReference; lastKnownFileType = file; name = hippo.mp4; path = "../../../../Udemy Projects Resource/SWIFTUI-APP-AFRICA-UPDATED/Resources/video/hippo.mp4"; sourceTree = "<group>"; };
		811D1EF72B89566F00DC2A93 /* lion.mp4 */ = {isa = PBXFileReference; lastKnownFileType = file; name = lion.mp4; path = "../../../../Udemy Projects Resource/SWIFTUI-APP-AFRICA-UPDATED/Resources/video/lion.mp4"; sourceTree = "<group>"; };
		811D1EF82B89567000DC2A93 /* ostrich.mp4 */ = {isa = PBXFileReference; lastKnownFileType = file; name = ostrich.mp4; path = "../../../../Udemy Projects Resource/SWIFTUI-APP-AFRICA-UPDATED/Resources/video/ostrich.mp4"; sourceTree = "<group>"; };
		811D1EF92B89567000DC2A93 /* zebra.mp4 */ = {isa = PBXFileReference; lastKnownFileType = file; name = zebra.mp4; path = "../../../../Udemy Projects Resource/SWIFTUI-APP-AFRICA-UPDATED/Resources/video/zebra.mp4"; sourceTree = "<group>"; };
		811D1F042B8956A000DC2A93 /* data */ = {isa = PBXFileReference; lastKnownFileType = folder; path = data; sourceTree = "<group>"; };
		811D1F062B8957E300DC2A93 /* Info.plist */ = {isa = PBXFileReference; lastKnownFileType = text.plist; path = Info.plist; sourceTree = "<group>"; };
		811D1F0C2B8958A600DC2A93 /* VideoListView.swift */ = {isa = PBXFileReference; lastKnownFileType = sourcecode.swift; path = VideoListView.swift; sourceTree = "<group>"; };
		811D1F0E2B8958BA00DC2A93 /* MapView.swift */ = {isa = PBXFileReference; lastKnownFileType = sourcecode.swift; path = MapView.swift; sourceTree = "<group>"; };
		811D1F102B8958C300DC2A93 /* GalleryView.swift */ = {isa = PBXFileReference; lastKnownFileType = sourcecode.swift; path = GalleryView.swift; sourceTree = "<group>"; };
		811D1F122B8958CD00DC2A93 /* MainView.swift */ = {isa = PBXFileReference; lastKnownFileType = sourcecode.swift; path = MainView.swift; sourceTree = "<group>"; };
		811D1F162B89594B00DC2A93 /* covers.json */ = {isa = PBXFileReference; fileEncoding = 4; lastKnownFileType = text.json; path = covers.json; sourceTree = "<group>"; };
		811D1F172B89594B00DC2A93 /* animals.json */ = {isa = PBXFileReference; fileEncoding = 4; lastKnownFileType = text.json; path = animals.json; sourceTree = "<group>"; };
		811D1F182B89594B00DC2A93 /* videos.json */ = {isa = PBXFileReference; fileEncoding = 4; lastKnownFileType = text.json; path = videos.json; sourceTree = "<group>"; };
		811D1F192B89594B00DC2A93 /* locations.json */ = {isa = PBXFileReference; fileEncoding = 4; lastKnownFileType = text.json; path = locations.json; sourceTree = "<group>"; };
		811D1F212B8C094700DC2A93 /* CoverImageView.swift */ = {isa = PBXFileReference; lastKnownFileType = sourcecode.swift; path = CoverImageView.swift; sourceTree = "<group>"; };
		811D1F242B8C11A100DC2A93 /* CoverImageModel.swift */ = {isa = PBXFileReference; lastKnownFileType = sourcecode.swift; path = CoverImageModel.swift; sourceTree = "<group>"; };
		811D1F272B8C124100DC2A93 /* CodeableBundleExtension.swift */ = {isa = PBXFileReference; lastKnownFileType = sourcecode.swift; path = CodeableBundleExtension.swift; sourceTree = "<group>"; };
		811D1F292B8C194E00DC2A93 /* ListItemView.swift */ = {isa = PBXFileReference; lastKnownFileType = sourcecode.swift; path = ListItemView.swift; sourceTree = "<group>"; };
		811D1F2B2B8C268F00DC2A93 /* AnimalModel.swift */ = {isa = PBXFileReference; lastKnownFileType = sourcecode.swift; path = AnimalModel.swift; sourceTree = "<group>"; };
		81CEBF972B8D7C0800AFA5F3 /* AnimalDetailView.swift */ = {isa = PBXFileReference; lastKnownFileType = sourcecode.swift; path = AnimalDetailView.swift; sourceTree = "<group>"; };
		81CEBF992B8FCB1B00AFA5F3 /* HeadingView.swift */ = {isa = PBXFileReference; lastKnownFileType = sourcecode.swift; path = HeadingView.swift; sourceTree = "<group>"; };
		81CEBF9B2B8FCCDD00AFA5F3 /* InsetGalleryView.swift */ = {isa = PBXFileReference; lastKnownFileType = sourcecode.swift; path = InsetGalleryView.swift; sourceTree = "<group>"; };
		81CEBF9D2B8FD20D00AFA5F3 /* InsetFactView.swift */ = {isa = PBXFileReference; lastKnownFileType = sourcecode.swift; path = InsetFactView.swift; sourceTree = "<group>"; };
		81CEBF9F2B8FD49C00AFA5F3 /* InsetMapView.swift */ = {isa = PBXFileReference; lastKnownFileType = sourcecode.swift; path = InsetMapView.swift; sourceTree = "<group>"; };
		81CEBFA12B8FDB2900AFA5F3 /* ExternalWebView.swift */ = {isa = PBXFileReference; lastKnownFileType = sourcecode.swift; path = ExternalWebView.swift; sourceTree = "<group>"; };
/* End PBXFileReference section */

/* Begin PBXFrameworksBuildPhase section */
		811D1ED12B89559E00DC2A93 /* Frameworks */ = {
			isa = PBXFrameworksBuildPhase;
			buildActionMask = 2147483647;
			files = (
			);
			runOnlyForDeploymentPostprocessing = 0;
		};
/* End PBXFrameworksBuildPhase section */

/* Begin PBXGroup section */
		811D1ECB2B89559E00DC2A93 = {
			isa = PBXGroup;
			children = (
				811D1ED62B89559E00DC2A93 /* Africal-animal */,
				811D1ED52B89559E00DC2A93 /* Products */,
			);
			sourceTree = "<group>";
		};
		811D1ED52B89559E00DC2A93 /* Products */ = {
			isa = PBXGroup;
			children = (
				811D1ED42B89559E00DC2A93 /* Africal-animal.app */,
			);
			name = Products;
			sourceTree = "<group>";
		};
		811D1ED62B89559E00DC2A93 /* Africal-animal */ = {
			isa = PBXGroup;
			children = (
				811D1F262B8C122D00DC2A93 /* Extension */,
				811D1F232B8C118900DC2A93 /* Model */,
				811D1F1E2B8C091300DC2A93 /* View */,
				811D1F152B89592400DC2A93 /* Data */,
				811D1F062B8957E300DC2A93 /* Info.plist */,
				811D1EE52B89562D00DC2A93 /* Video */,
				811D1F072B89585300DC2A93 /* App */,
				811D1EDB2B89559F00DC2A93 /* Assets.xcassets */,
				811D1EDD2B89559F00DC2A93 /* Preview Content */,
			);
			path = "Africal-animal";
			sourceTree = "<group>";
		};
		811D1EDD2B89559F00DC2A93 /* Preview Content */ = {
			isa = PBXGroup;
			children = (
				811D1EDE2B89559F00DC2A93 /* Preview Assets.xcassets */,
			);
			path = "Preview Content";
			sourceTree = "<group>";
		};
		811D1EE52B89562D00DC2A93 /* Video */ = {
			isa = PBXGroup;
			children = (
				811D1EF02B89566F00DC2A93 /* cheetah.mp4 */,
				811D1EF22B89566F00DC2A93 /* elephant.mp4 */,
				811D1EF12B89566F00DC2A93 /* giraffe.mp4 */,
				811D1EF52B89566F00DC2A93 /* gorilla.mp4 */,
				811D1EF62B89566F00DC2A93 /* hippo.mp4 */,
				811D1EF72B89566F00DC2A93 /* lion.mp4 */,
				811D1EF32B89566F00DC2A93 /* lioness.mp4 */,
				811D1EF82B89567000DC2A93 /* ostrich.mp4 */,
				811D1EF42B89566F00DC2A93 /* rhino.mp4 */,
				811D1EF92B89567000DC2A93 /* zebra.mp4 */,
				811D1F042B8956A000DC2A93 /* data */,
			);
			path = Video;
			sourceTree = "<group>";
		};
		811D1F072B89585300DC2A93 /* App */ = {
			isa = PBXGroup;
			children = (
				811D1ED72B89559E00DC2A93 /* Africal_animalApp.swift */,
				811D1ED92B89559E00DC2A93 /* ContentView.swift */,
				811D1F0C2B8958A600DC2A93 /* VideoListView.swift */,
				811D1F0E2B8958BA00DC2A93 /* MapView.swift */,
				811D1F102B8958C300DC2A93 /* GalleryView.swift */,
				811D1F122B8958CD00DC2A93 /* MainView.swift */,
			);
			path = App;
			sourceTree = "<group>";
		};
		811D1F152B89592400DC2A93 /* Data */ = {
			isa = PBXGroup;
			children = (
				811D1F172B89594B00DC2A93 /* animals.json */,
				811D1F162B89594B00DC2A93 /* covers.json */,
				811D1F192B89594B00DC2A93 /* locations.json */,
				811D1F182B89594B00DC2A93 /* videos.json */,
			);
			path = Data;
			sourceTree = "<group>";
		};
		811D1F1E2B8C091300DC2A93 /* View */ = {
			isa = PBXGroup;
			children = (
				811D1F212B8C094700DC2A93 /* CoverImageView.swift */,
				811D1F292B8C194E00DC2A93 /* ListItemView.swift */,
				81CEBF972B8D7C0800AFA5F3 /* AnimalDetailView.swift */,
				81CEBFA12B8FDB2900AFA5F3 /* ExternalWebView.swift */,
				81CEBF9F2B8FD49C00AFA5F3 /* InsetMapView.swift */,
				81CEBF9D2B8FD20D00AFA5F3 /* InsetFactView.swift */,
				81CEBF9B2B8FCCDD00AFA5F3 /* InsetGalleryView.swift */,
				81CEBF992B8FCB1B00AFA5F3 /* HeadingView.swift */,
			);
			path = View;
			sourceTree = "<group>";
		};
		811D1F232B8C118900DC2A93 /* Model */ = {
			isa = PBXGroup;
			children = (
				811D1F242B8C11A100DC2A93 /* CoverImageModel.swift */,
				811D1F2B2B8C268F00DC2A93 /* AnimalModel.swift */,
			);
			path = Model;
			sourceTree = "<group>";
		};
		811D1F262B8C122D00DC2A93 /* Extension */ = {
			isa = PBXGroup;
			children = (
				811D1F272B8C124100DC2A93 /* CodeableBundleExtension.swift */,
			);
			path = Extension;
			sourceTree = "<group>";
		};
/* End PBXGroup section */

/* Begin PBXNativeTarget section */
		811D1ED32B89559E00DC2A93 /* Africal-animal */ = {
			isa = PBXNativeTarget;
			buildConfigurationList = 811D1EE22B89559F00DC2A93 /* Build configuration list for PBXNativeTarget "Africal-animal" */;
			buildPhases = (
				811D1ED02B89559E00DC2A93 /* Sources */,
				811D1ED12B89559E00DC2A93 /* Frameworks */,
				811D1ED22B89559E00DC2A93 /* Resources */,
			);
			buildRules = (
			);
			dependencies = (
			);
			name = "Africal-animal";
			productName = "Africal-animal";
			productReference = 811D1ED42B89559E00DC2A93 /* Africal-animal.app */;
			productType = "com.apple.product-type.application";
		};
/* End PBXNativeTarget section */

/* Begin PBXProject section */
		811D1ECC2B89559E00DC2A93 /* Project object */ = {
			isa = PBXProject;
			attributes = {
				BuildIndependentTargetsInParallel = 1;
				LastSwiftUpdateCheck = 1510;
				LastUpgradeCheck = 1510;
				TargetAttributes = {
					811D1ED32B89559E00DC2A93 = {
						CreatedOnToolsVersion = 15.1;
					};
				};
			};
			buildConfigurationList = 811D1ECF2B89559E00DC2A93 /* Build configuration list for PBXProject "Africal-animal" */;
			compatibilityVersion = "Xcode 14.0";
			developmentRegion = en;
			hasScannedForEncodings = 0;
			knownRegions = (
				en,
				Base,
			);
			mainGroup = 811D1ECB2B89559E00DC2A93;
			productRefGroup = 811D1ED52B89559E00DC2A93 /* Products */;
			projectDirPath = "";
			projectRoot = "";
			targets = (
				811D1ED32B89559E00DC2A93 /* Africal-animal */,
			);
		};
/* End PBXProject section */

/* Begin PBXResourcesBuildPhase section */
		811D1ED22B89559E00DC2A93 /* Resources */ = {
			isa = PBXResourcesBuildPhase;
			buildActionMask = 2147483647;
			files = (
				811D1F1B2B89594B00DC2A93 /* animals.json in Resources */,
				811D1EDF2B89559F00DC2A93 /* Preview Assets.xcassets in Resources */,
				811D1F002B89567000DC2A93 /* hippo.mp4 in Resources */,
				811D1EDC2B89559F00DC2A93 /* Assets.xcassets in Resources */,
				811D1F052B8956A000DC2A93 /* data in Resources */,
				811D1F1D2B89594B00DC2A93 /* locations.json in Resources */,
				811D1F012B89567000DC2A93 /* lion.mp4 in Resources */,
				811D1F032B89567000DC2A93 /* zebra.mp4 in Resources */,
				811D1EFB2B89567000DC2A93 /* giraffe.mp4 in Resources */,
				811D1F1A2B89594B00DC2A93 /* covers.json in Resources */,
				811D1EFC2B89567000DC2A93 /* elephant.mp4 in Resources */,
				811D1EFF2B89567000DC2A93 /* gorilla.mp4 in Resources */,
				811D1EFE2B89567000DC2A93 /* rhino.mp4 in Resources */,
				811D1EFA2B89567000DC2A93 /* cheetah.mp4 in Resources */,
				811D1F1C2B89594B00DC2A93 /* videos.json in Resources */,
				811D1EFD2B89567000DC2A93 /* lioness.mp4 in Resources */,
				811D1F022B89567000DC2A93 /* ostrich.mp4 in Resources */,
			);
			runOnlyForDeploymentPostprocessing = 0;
		};
/* End PBXResourcesBuildPhase section */

/* Begin PBXSourcesBuildPhase section */
		811D1ED02B89559E00DC2A93 /* Sources */ = {
			isa = PBXSourcesBuildPhase;
			buildActionMask = 2147483647;
			files = (
				811D1EDA2B89559E00DC2A93 /* ContentView.swift in Sources */,
				811D1F132B8958CD00DC2A93 /* MainView.swift in Sources */,
				811D1F222B8C094700DC2A93 /* CoverImageView.swift in Sources */,
				81CEBF9E2B8FD20D00AFA5F3 /* InsetFactView.swift in Sources */,
				811D1F252B8C11A100DC2A93 /* CoverImageModel.swift in Sources */,
				811D1F0F2B8958BA00DC2A93 /* MapView.swift in Sources */,
				81CEBF982B8D7C0800AFA5F3 /* AnimalDetailView.swift in Sources */,
				811D1F2C2B8C268F00DC2A93 /* AnimalModel.swift in Sources */,
				811D1F2A2B8C194E00DC2A93 /* ListItemView.swift in Sources */,
				81CEBFA02B8FD49C00AFA5F3 /* InsetMapView.swift in Sources */,
				811D1ED82B89559E00DC2A93 /* Africal_animalApp.swift in Sources */,
				811D1F0D2B8958A600DC2A93 /* VideoListView.swift in Sources */,
				811D1F112B8958C300DC2A93 /* GalleryView.swift in Sources */,
				81CEBF9C2B8FCCDD00AFA5F3 /* InsetGalleryView.swift in Sources */,
				811D1F282B8C124100DC2A93 /* CodeableBundleExtension.swift in Sources */,
				81CEBFA22B8FDB2900AFA5F3 /* ExternalWebView.swift in Sources */,
				81CEBF9A2B8FCB1B00AFA5F3 /* HeadingView.swift in Sources */,
			);
			runOnlyForDeploymentPostprocessing = 0;
		};
/* End PBXSourcesBuildPhase section */

/* Begin XCBuildConfiguration section */
		811D1EE02B89559F00DC2A93 /* Debug */ = {
			isa = XCBuildConfiguration;
			buildSettings = {
				ALWAYS_SEARCH_USER_PATHS = NO;
				ASSETCATALOG_COMPILER_GENERATE_SWIFT_ASSET_SYMBOL_EXTENSIONS = YES;
				CLANG_ANALYZER_NONNULL = YES;
				CLANG_ANALYZER_NUMBER_OBJECT_CONVERSION = YES_AGGRESSIVE;
				CLANG_CXX_LANGUAGE_STANDARD = "gnu++20";
				CLANG_ENABLE_MODULES = YES;
				CLANG_ENABLE_OBJC_ARC = YES;
				CLANG_ENABLE_OBJC_WEAK = YES;
				CLANG_WARN_BLOCK_CAPTURE_AUTORELEASING = YES;
				CLANG_WARN_BOOL_CONVERSION = YES;
				CLANG_WARN_COMMA = YES;
				CLANG_WARN_CONSTANT_CONVERSION = YES;
				CLANG_WARN_DEPRECATED_OBJC_IMPLEMENTATIONS = YES;
				CLANG_WARN_DIRECT_OBJC_ISA_USAGE = YES_ERROR;
				CLANG_WARN_DOCUMENTATION_COMMENTS = YES;
				CLANG_WARN_EMPTY_BODY = YES;
				CLANG_WARN_ENUM_CONVERSION = YES;
				CLANG_WARN_INFINITE_RECURSION = YES;
				CLANG_WARN_INT_CONVERSION = YES;
				CLANG_WARN_NON_LITERAL_NULL_CONVERSION = YES;
				CLANG_WARN_OBJC_IMPLICIT_RETAIN_SELF = YES;
				CLANG_WARN_OBJC_LITERAL_CONVERSION = YES;
				CLANG_WARN_OBJC_ROOT_CLASS = YES_ERROR;
				CLANG_WARN_QUOTED_INCLUDE_IN_FRAMEWORK_HEADER = YES;
				CLANG_WARN_RANGE_LOOP_ANALYSIS = YES;
				CLANG_WARN_STRICT_PROTOTYPES = YES;
				CLANG_WARN_SUSPICIOUS_MOVE = YES;
				CLANG_WARN_UNGUARDED_AVAILABILITY = YES_AGGRESSIVE;
				CLANG_WARN_UNREACHABLE_CODE = YES;
				CLANG_WARN__DUPLICATE_METHOD_MATCH = YES;
				COPY_PHASE_STRIP = NO;
				DEBUG_INFORMATION_FORMAT = dwarf;
				ENABLE_STRICT_OBJC_MSGSEND = YES;
				ENABLE_TESTABILITY = YES;
				ENABLE_USER_SCRIPT_SANDBOXING = YES;
				GCC_C_LANGUAGE_STANDARD = gnu17;
				GCC_DYNAMIC_NO_PIC = NO;
				GCC_NO_COMMON_BLOCKS = YES;
				GCC_OPTIMIZATION_LEVEL = 0;
				GCC_PREPROCESSOR_DEFINITIONS = (
					"DEBUG=1",
					"$(inherited)",
				);
				GCC_WARN_64_TO_32_BIT_CONVERSION = YES;
				GCC_WARN_ABOUT_RETURN_TYPE = YES_ERROR;
				GCC_WARN_UNDECLARED_SELECTOR = YES;
				GCC_WARN_UNINITIALIZED_AUTOS = YES_AGGRESSIVE;
				GCC_WARN_UNUSED_FUNCTION = YES;
				GCC_WARN_UNUSED_VARIABLE = YES;
				IPHONEOS_DEPLOYMENT_TARGET = 17.2;
				LOCALIZATION_PREFERS_STRING_CATALOGS = YES;
				MTL_ENABLE_DEBUG_INFO = INCLUDE_SOURCE;
				MTL_FAST_MATH = YES;
				ONLY_ACTIVE_ARCH = YES;
				SDKROOT = iphoneos;
				SWIFT_ACTIVE_COMPILATION_CONDITIONS = "DEBUG $(inherited)";
				SWIFT_OPTIMIZATION_LEVEL = "-Onone";
			};
			name = Debug;
		};
		811D1EE12B89559F00DC2A93 /* Release */ = {
			isa = XCBuildConfiguration;
			buildSettings = {
				ALWAYS_SEARCH_USER_PATHS = NO;
				ASSETCATALOG_COMPILER_GENERATE_SWIFT_ASSET_SYMBOL_EXTENSIONS = YES;
				CLANG_ANALYZER_NONNULL = YES;
				CLANG_ANALYZER_NUMBER_OBJECT_CONVERSION = YES_AGGRESSIVE;
				CLANG_CXX_LANGUAGE_STANDARD = "gnu++20";
				CLANG_ENABLE_MODULES = YES;
				CLANG_ENABLE_OBJC_ARC = YES;
				CLANG_ENABLE_OBJC_WEAK = YES;
				CLANG_WARN_BLOCK_CAPTURE_AUTORELEASING = YES;
				CLANG_WARN_BOOL_CONVERSION = YES;
				CLANG_WARN_COMMA = YES;
				CLANG_WARN_CONSTANT_CONVERSION = YES;
				CLANG_WARN_DEPRECATED_OBJC_IMPLEMENTATIONS = YES;
				CLANG_WARN_DIRECT_OBJC_ISA_USAGE = YES_ERROR;
				CLANG_WARN_DOCUMENTATION_COMMENTS = YES;
				CLANG_WARN_EMPTY_BODY = YES;
				CLANG_WARN_ENUM_CONVERSION = YES;
				CLANG_WARN_INFINITE_RECURSION = YES;
				CLANG_WARN_INT_CONVERSION = YES;
				CLANG_WARN_NON_LITERAL_NULL_CONVERSION = YES;
				CLANG_WARN_OBJC_IMPLICIT_RETAIN_SELF = YES;
				CLANG_WARN_OBJC_LITERAL_CONVERSION = YES;
				CLANG_WARN_OBJC_ROOT_CLASS = YES_ERROR;
				CLANG_WARN_QUOTED_INCLUDE_IN_FRAMEWORK_HEADER = YES;
				CLANG_WARN_RANGE_LOOP_ANALYSIS = YES;
				CLANG_WARN_STRICT_PROTOTYPES = YES;
				CLANG_WARN_SUSPICIOUS_MOVE = YES;
				CLANG_WARN_UNGUARDED_AVAILABILITY = YES_AGGRESSIVE;
				CLANG_WARN_UNREACHABLE_CODE = YES;
				CLANG_WARN__DUPLICATE_METHOD_MATCH = YES;
				COPY_PHASE_STRIP = NO;
				DEBUG_INFORMATION_FORMAT = "dwarf-with-dsym";
				ENABLE_NS_ASSERTIONS = NO;
				ENABLE_STRICT_OBJC_MSGSEND = YES;
				ENABLE_USER_SCRIPT_SANDBOXING = YES;
				GCC_C_LANGUAGE_STANDARD = gnu17;
				GCC_NO_COMMON_BLOCKS = YES;
				GCC_WARN_64_TO_32_BIT_CONVERSION = YES;
				GCC_WARN_ABOUT_RETURN_TYPE = YES_ERROR;
				GCC_WARN_UNDECLARED_SELECTOR = YES;
				GCC_WARN_UNINITIALIZED_AUTOS = YES_AGGRESSIVE;
				GCC_WARN_UNUSED_FUNCTION = YES;
				GCC_WARN_UNUSED_VARIABLE = YES;
				IPHONEOS_DEPLOYMENT_TARGET = 17.2;
				LOCALIZATION_PREFERS_STRING_CATALOGS = YES;
				MTL_ENABLE_DEBUG_INFO = NO;
				MTL_FAST_MATH = YES;
				SDKROOT = iphoneos;
				SWIFT_COMPILATION_MODE = wholemodule;
				VALIDATE_PRODUCT = YES;
			};
			name = Release;
		};
		811D1EE32B89559F00DC2A93 /* Debug */ = {
			isa = XCBuildConfiguration;
			buildSettings = {
				ASSETCATALOG_COMPILER_APPICON_NAME = AppIcon;
				ASSETCATALOG_COMPILER_GLOBAL_ACCENT_COLOR_NAME = AccentColor;
				CODE_SIGN_STYLE = Automatic;
				CURRENT_PROJECT_VERSION = 1;
				DEVELOPMENT_ASSET_PATHS = "\"Africal-animal/Preview Content\"";
				DEVELOPMENT_TEAM = 89XL2U9KQ5;
				ENABLE_PREVIEWS = YES;
				GENERATE_INFOPLIST_FILE = YES;
				INFOPLIST_FILE = "Africal-animal/Info.plist";
				INFOPLIST_KEY_UIApplicationSceneManifest_Generation = YES;
				INFOPLIST_KEY_UIApplicationSupportsIndirectInputEvents = YES;
				INFOPLIST_KEY_UISupportedInterfaceOrientations_iPad = "UIInterfaceOrientationPortrait UIInterfaceOrientationPortraitUpsideDown UIInterfaceOrientationLandscapeLeft UIInterfaceOrientationLandscapeRight";
				INFOPLIST_KEY_UISupportedInterfaceOrientations_iPhone = "UIInterfaceOrientationPortrait UIInterfaceOrientationLandscapeLeft UIInterfaceOrientationLandscapeRight";
				INFOPLIST_KEY_UIUserInterfaceStyle = Dark;
				LD_RUNPATH_SEARCH_PATHS = (
					"$(inherited)",
					"@executable_path/Frameworks",
				);
				MARKETING_VERSION = 1.0;
				PRODUCT_BUNDLE_IDENTIFIER = "com.iosk.Africal-animal";
				PRODUCT_NAME = "$(TARGET_NAME)";
				SWIFT_EMIT_LOC_STRINGS = YES;
				SWIFT_VERSION = 5.0;
				TARGETED_DEVICE_FAMILY = "1,2";
			};
			name = Debug;
		};
		811D1EE42B89559F00DC2A93 /* Release */ = {
			isa = XCBuildConfiguration;
			buildSettings = {
				ASSETCATALOG_COMPILER_APPICON_NAME = AppIcon;
				ASSETCATALOG_COMPILER_GLOBAL_ACCENT_COLOR_NAME = AccentColor;
				CODE_SIGN_STYLE = Automatic;
				CURRENT_PROJECT_VERSION = 1;
				DEVELOPMENT_ASSET_PATHS = "\"Africal-animal/Preview Content\"";
				DEVELOPMENT_TEAM = 89XL2U9KQ5;
				ENABLE_PREVIEWS = YES;
				GENERATE_INFOPLIST_FILE = YES;
				INFOPLIST_FILE = "Africal-animal/Info.plist";
				INFOPLIST_KEY_UIApplicationSceneManifest_Generation = YES;
				INFOPLIST_KEY_UIApplicationSupportsIndirectInputEvents = YES;
				INFOPLIST_KEY_UISupportedInterfaceOrientations_iPad = "UIInterfaceOrientationPortrait UIInterfaceOrientationPortraitUpsideDown UIInterfaceOrientationLandscapeLeft UIInterfaceOrientationLandscapeRight";
				INFOPLIST_KEY_UISupportedInterfaceOrientations_iPhone = "UIInterfaceOrientationPortrait UIInterfaceOrientationLandscapeLeft UIInterfaceOrientationLandscapeRight";
				INFOPLIST_KEY_UIUserInterfaceStyle = Dark;
				LD_RUNPATH_SEARCH_PATHS = (
					"$(inherited)",
					"@executable_path/Frameworks",
				);
				MARKETING_VERSION = 1.0;
				PRODUCT_BUNDLE_IDENTIFIER = "com.iosk.Africal-animal";
				PRODUCT_NAME = "$(TARGET_NAME)";
				SWIFT_EMIT_LOC_STRINGS = YES;
				SWIFT_VERSION = 5.0;
				TARGETED_DEVICE_FAMILY = "1,2";
			};
			name = Release;
		};
/* End XCBuildConfiguration section */

/* Begin XCConfigurationList section */
		811D1ECF2B89559E00DC2A93 /* Build configuration list for PBXProject "Africal-animal" */ = {
			isa = XCConfigurationList;
			buildConfigurations = (
				811D1EE02B89559F00DC2A93 /* Debug */,
				811D1EE12B89559F00DC2A93 /* Release */,
			);
			defaultConfigurationIsVisible = 0;
			defaultConfigurationName = Release;
		};
		811D1EE22B89559F00DC2A93 /* Build configuration list for PBXNativeTarget "Africal-animal" */ = {
			isa = XCConfigurationList;
			buildConfigurations = (
				811D1EE32B89559F00DC2A93 /* Debug */,
				811D1EE42B89559F00DC2A93 /* Release */,
			);
			defaultConfigurationIsVisible = 0;
			defaultConfigurationName = Release;
		};
/* End XCConfigurationList section */
	};
	rootObject = 811D1ECC2B89559E00DC2A93 /* Project object */;
}
